
Microsoft Visual Studio Solution File, Format Version 12.00
# Visual Studio Version 17
VisualStudioVersion = 17.0.31912.275
MinimumVisualStudioVersion = 10.0.40219.1
Project("{FAE04EC0-301F-11D3-BF4B-00C04F79EFBC}") = "MethodOverloadingExercise", "MethodOverloadingExercise\MethodOverloadingExercise.csproj", "{122C740E-CEB6-4CB2-8E50-5C0CAAF80D0A}"
EndProject
Global
	GlobalSection(SolutionConfigurationPlatforms) = preSolution
		Debug|Any CPU = Debug|Any CPU
		Release|Any CPU = Release|Any CPU
	EndGlobalSection
	GlobalSection(ProjectConfigurationPlatforms) = postSolution
		{122C740E-CEB6-4CB2-8E50-5C0CAAF80D0A}.Debug|Any CPU.ActiveCfg = Debug|Any CPU
		{122C740E-CEB6-4CB2-8E50-5C0CAAF80D0A}.Debug|Any CPU.Build.0 = Debug|Any CPU
		{122C740E-CEB6-4CB2-8E50-5C0CAAF80D0A}.Release|Any CPU.ActiveCfg = Release|Any CPU
		{122C740E-CEB6-4CB2-8E50-5C0CAAF80D0A}.Release|Any CPU.Build.0 = Release|Any CPU
	EndGlobalSection
	GlobalSection(SolutionProperties) = preSolution
		HideSolutionNode = FALSE
	EndGlobalSection
	GlobalSection(ExtensibilityGlobals) = postSolution
		SolutionGuid = {2DA106FF-E2F4-484F-B973-DD69049C9680}
	EndGlobalSection
EndGlobal
